Microsoft Visual Studio Solution File, Format Version 12.00
# Visual Studio Version 17
VisualStudioVersion = 17.5.2.0
MinimumVisualStudioVersion = 10.0.40219.1
Project("{FAE04EC0-301F-11D3-BF4B-00C04F79EFBC}") = "Inventory.Business", "Inventory.Business\Inventory.Business.csproj", "{A84B6570-F407-F9A6-6D85-A73E25B3B738}"
EndProject
Project("{FAE04EC0-301F-11D3-BF4B-00C04F79EFBC}") = "Inventory.Data", "Inventory.Data\Inventory.Data.csproj", "{CAAA5371-19BB-03DA-D64F-6CBC6D45320D}"
EndProject
Project("{FAE04EC0-301F-11D3-BF4B-00C04F79EFBC}") = "Inventory.Entities", "Inventory.Entities\Inventory.Entities.csproj", "{69EB0367-136D-5DA7-09FB-C5D4D2B46055}"
EndProject
Project("{FAE04EC0-301F-11D3-BF4B-00C04F79EFBC}") = "Inventory.WebApi", "Inventory.WebApi\Inventory.WebApi.csproj", "{ADF0B72C-5FCD-6A3B-7C34-06E2AD1E4A58}"
EndProject
Global
	GlobalSection(SolutionConfigurationPlatforms) = preSolution
		Debug|Any CPU = Debug|Any CPU
		Release|Any CPU = Release|Any CPU
	EndGlobalSection
	GlobalSection(ProjectConfigurationPlatforms) = postSolution
		{A84B6570-F407-F9A6-6D85-A73E25B3B738}.Debug|Any CPU.ActiveCfg = Debug|Any CPU
		{A84B6570-F407-F9A6-6D85-A73E25B3B738}.Debug|Any CPU.Build.0 = Debug|Any CPU
		{A84B6570-F407-F9A6-6D85-A73E25B3B738}.Release|Any CPU.ActiveCfg = Release|Any CPU
		{A84B6570-F407-F9A6-6D85-A73E25B3B738}.Release|Any CPU.Build.0 = Release|Any CPU
		{CAAA5371-19BB-03DA-D64F-6CBC6D45320D}.Debug|Any CPU.ActiveCfg = Debug|Any CPU
		{CAAA5371-19BB-03DA-D64F-6CBC6D45320D}.Debug|Any CPU.Build.0 = Debug|Any CPU
		{CAAA5371-19BB-03DA-D64F-6CBC6D45320D}.Release|Any CPU.ActiveCfg = Release|Any CPU
		{CAAA5371-19BB-03DA-D64F-6CBC6D45320D}.Release|Any CPU.Build.0 = Release|Any CPU
		{69EB0367-136D-5DA7-09FB-C5D4D2B46055}.Debug|Any CPU.ActiveCfg = Debug|Any CPU
		{69EB0367-136D-5DA7-09FB-C5D4D2B46055}.Debug|Any CPU.Build.0 = Debug|Any CPU
		{69EB0367-136D-5DA7-09FB-C5D4D2B46055}.Release|Any CPU.ActiveCfg = Release|Any CPU
		{69EB0367-136D-5DA7-09FB-C5D4D2B46055}.Release|Any CPU.Build.0 = Release|Any CPU
		{ADF0B72C-5FCD-6A3B-7C34-06E2AD1E4A58}.Debug|Any CPU.ActiveCfg = Debug|Any CPU
		{ADF0B72C-5FCD-6A3B-7C34-06E2AD1E4A58}.Debug|Any CPU.Build.0 = Debug|Any CPU
		{ADF0B72C-5FCD-6A3B-7C34-06E2AD1E4A58}.Release|Any CPU.ActiveCfg = Release|Any CPU
		{ADF0B72C-5FCD-6A3B-7C34-06E2AD1E4A58}.Release|Any CPU.Build.0 = Release|Any CPU
	EndGlobalSection
	GlobalSection(SolutionProperties) = preSolution
		HideSolutionNode = FALSE
	EndGlobalSection
	GlobalSection(ExtensibilityGlobals) = postSolution
		SolutionGuid = {268A3441-0741-4EB4-AFEC-9D8C3B870DEC}
	EndGlobalSection
EndGlobal
